GEM
  remote: https://rubygems.org/
  specs:
    addressable (2.9.0)
      public_suffix (>= 2.0.2, < 8.0)
    async (2.44.1)
      console (~> 1.29)
      fiber-annotation
      io-event (~> 1.11)
    async-http (0.99.0)
      async (>= 2.35.1)
      async-pool (~> 0.11)
      io-endpoint (~> 0.14)
      io-stream (~> 0.14)
      protocol-http (~> 0.66)
      protocol-http1 (~> 0.39)
      protocol-http2 (~> 0.26)
      protocol-url (~> 0.2)
    async-pool (0.11.2)
      async (>= 2.0)
    base64 (0.3.0)
    concurrent-ruby (1.3.8)
    console (1.37.0)
      fiber-annotation
      fiber-local (~> 1.1)
      json
    cool.io (1.9.5)
    csv (3.3.6)
    domain_name (0.6.20240107)
    drb (2.2.3)
    elasticsearch (7.17.11)
      elasticsearch-api (= 7.17.11)
      elasticsearch-transport (= 7.17.11)
    elasticsearch-api (7.17.11)
      multi_json
    elasticsearch-transport (7.17.11)
      base64
      faraday (>= 1, < 3)
      multi_json
    elasticsearch-xpack (7.9.0)
      elasticsearch-api (>= 6)
    excon (0.78.0)
    faraday (2.14.3)
      faraday-net_http (>= 2.0, < 3.5)
      json
      logger
    faraday-net_http (3.4.4)
      net-http (~> 0.5)
    ffi (1.17.4)
    ffi-compiler (1.4.2)
      ffi (>= 1.15.5)
      rake
    fiber-annotation (0.2.0)
    fiber-local (1.1.0)
      fiber-storage
    fiber-storage (1.0.1)
    fluent-config-regexp-type (1.0.0)
      fluentd (> 1.0.0, < 2)
    fluent-plugin-concat (2.4.0)
      fluentd (>= 0.14.0, < 2)
    fluent-plugin-dedot_filter (1.0.0)
      fluentd (>= 0.14.0, < 2)
    fluent-plugin-detect-exceptions (0.0.13)
      fluentd (>= 0.10)
    fluent-plugin-elasticsearch (4.1.4)
      elasticsearch
      excon
      fluentd (>= 0.14.22)
    fluent-plugin-grok-parser (2.6.2)
      fluentd (>= 0.14.6, < 2)
    fluent-plugin-json-in-json-2 (1.0.2)
      fluentd (>= 0.14.0, < 2)
      yajl-ruby (~> 1.0)
    fluent-plugin-kubernetes_metadata_filter (3.8.0)
      fluentd (>= 0.14.0, < 1.20)
      kubeclient (>= 4.0.0, < 5.0.0)
      sin_lru_redux
    fluent-plugin-multi-format-parser (1.0.0)
      fluentd (>= 0.14.0, < 2)
    fluent-plugin-prometheus (1.6.1)
      fluentd (>= 0.14.20, < 2)
      prometheus-client (< 0.10)
    fluent-plugin-record-modifier (2.0.1)
      fluentd (>= 1.0, < 2)
    fluent-plugin-rewrite-tag-filter (2.2.0)
      fluent-config-regexp-type
      fluentd (>= 0.14.2, < 2)
    fluent-plugin-systemd (1.0.5)
      fluentd (>= 0.14.11, < 2)
      systemd-journal (~> 1.4.2)
    fluentd (1.19.3)
      async-http (~> 0.86)
      base64 (~> 0.2)
      bundler
      cool.io (>= 1.4.5, < 2.0.0)
      csv (~> 3.2)
      drb (~> 2.2)
      http_parser.rb (>= 0.5.1, < 0.9.0)
      logger (~> 1.6)
      msgpack (>= 1.3.1, < 2.0.0)
      net-http (~> 0.8)
      ostruct (~> 0.6)
      serverengine (>= 2.3.2, < 3.0.0)
      sigdump (~> 0.2.5)
      strptime (>= 0.2.4, < 1.0.0)
      tzinfo (>= 1.0, < 3.0)
      tzinfo-data (~> 1.0)
      uri (~> 1.0)
      webrick (~> 1.4)
      yajl-ruby (~> 1.0)
      zstd-ruby (~> 1.5)
    http (5.3.1)
      addressable (~> 2.8)
      http-cookie (~> 1.0)
      http-form_data (~> 2.2)
      llhttp-ffi (~> 0.5.0)
    http-accept (1.7.0)
    http-cookie (1.1.6)
      domain_name (~> 0.5)
    http-form_data (2.3.0)
    http_parser.rb (0.8.1)
    io-endpoint (0.17.2)
    io-event (1.19.5)
    io-stream (0.14.0)
      openssl (>= 3.3)
    json (2.21.2)
    jsonpath (1.1.5)
      multi_json
    kubeclient (4.13.0)
      http (>= 3.0, < 6.0)
      jsonpath (~> 1.0)
      recursive-open-struct (~> 1.1, >= 1.1.1)
      rest-client (~> 2.0)
    llhttp-ffi (0.5.1)
      ffi-compiler (~> 1.0)
      rake (~> 13.0)
    logger (1.7.0)
    mime-types (3.7.0)
      logger
      mime-types-data (~> 3.2025, >= 3.2025.0507)
    mime-types-data (3.2026.0701)
    msgpack (1.8.4)
    multi_json (1.21.1)
    net-http (0.9.1)
      uri (>= 0.11.1)
    netrc (0.11.0)
    oj (3.8.1)
    openssl (4.0.2)
    ostruct (0.6.3)
    prometheus-client (0.9.0)
      quantile (~> 0.2.1)
    protocol-hpack (1.5.1)
    protocol-http (0.70.0)
    protocol-http1 (0.40.2)
      protocol-http (~> 0.68)
    protocol-http2 (0.26.2)
      protocol-hpack (~> 1.4)
      protocol-http (~> 0.62)
    protocol-url (0.17.0)
    public_suffix (7.0.5)
    quantile (0.2.1)
    rake (13.4.2)
    recursive-open-struct (1.3.1)
      ostruct
    rest-client (2.1.0)
      http-accept (>= 1.7.0, < 2.0)
      http-cookie (>= 1.0.2, < 2.0)
      mime-types (>= 1.16, < 4.0)
      netrc (~> 0.8)
    serverengine (2.4.0)
      base64 (~> 0.1)
      logger (~> 1.4)
      sigdump (~> 0.2.2)
    sigdump (0.2.5)
    sin_lru_redux (2.5.3)
    strptime (0.2.5)
    systemd-journal (1.4.2)
      ffi (~> 1.9)
    tzinfo (2.0.6)
      concurrent-ruby (~> 1.0)
    tzinfo-data (1.2026.3)
      tzinfo (>= 1.0.0)
    uri (1.1.1)
    webrick (1.9.2)
    yajl-ruby (1.4.3)
    zstd-ruby (1.5.7.1)

PLATFORMS
  ruby

DEPENDENCIES
  elasticsearch (~> 7.17)
  elasticsearch-xpack (~> 7.0)
  ffi
  fluent-plugin-concat (~> 2.4.0)
  fluent-plugin-dedot_filter (~> 1.0)
  fluent-plugin-detect-exceptions (~> 0.0.12)
  fluent-plugin-elasticsearch (~> 4.1.1)
  fluent-plugin-grok-parser (~> 2.6.0)
  fluent-plugin-json-in-json-2 (>= 1.0.2)
  fluent-plugin-kubernetes_metadata_filter (~> 3.8.0)
  fluent-plugin-multi-format-parser (~> 1.0.0)
  fluent-plugin-prometheus (~> 1.6.1)
  fluent-plugin-record-modifier (~> 2.0.0)
  fluent-plugin-rewrite-tag-filter (~> 2.2.0)
  fluent-plugin-systemd (~> 1.0.5)
  fluentd (= 1.19.3)
  oj (= 3.8.1)

BUNDLED WITH
   2.1.4